
Microsoft Visual Studio Solution File, Format Version 12.00
# Visual Studio Version 17
VisualStudioVersion = 17.4.33403.182
MinimumVisualStudioVersion = 10.0.40219.1
Project("{FAE04EC0-301F-11D3-BF4B-00C04F79EFBC}") = "Assignment1", "Assignment1.csproj", "{B8CB1DC8-2063-431C-B308-2A174CED1D45}"
EndProject
Global
	GlobalSection(SolutionConfigurationPlatforms) = preSolution
		Debug|Any CPU = Debug|Any CPU
		Release|Any CPU = Release|Any CPU
	EndGlobalSection
	GlobalSection(ProjectConfigurationPlatforms) = postSolution
		{B8CB1DC8-2063-431C-B308-2A174CED1D45}.Debug|Any CPU.ActiveCfg = Debug|Any CPU
		{B8CB1DC8-2063-431C-B308-2A174CED1D45}.Debug|Any CPU.Build.0 = Debug|Any CPU
		{B8CB1DC8-2063-431C-B308-2A174CED1D45}.Release|Any CPU.ActiveCfg = Release|Any CPU
		{B8CB1DC8-2063-431C-B308-2A174CED1D45}.Release|Any CPU.Build.0 = Release|Any CPU
	EndGlobalSection
	GlobalSection(SolutionProperties) = preSolution
		HideSolutionNode = FALSE
	EndGlobalSection
	GlobalSection(ExtensibilityGlobals) = postSolution
		SolutionGuid = {60D114FE-556B-437A-ABC3-F8AA35898C9D}
	EndGlobalSection
EndGlobal
